// !$*UTF8*$!
{
	archiveVersion = 1;
	classes = {
	};
	objectVersion = 50;
	objects = {

/* Begin PBXBuildFile section */
		FABAB16D249CC72F00D3E8F2 /* AppDelegate.swift in Sources */ = {isa = PBXBuildFile; fileRef = FABAB16C249CC72F00D3E8F2 /* AppDelegate.swift */; };
		FABAB16F249CC72F00D3E8F2 /* SceneDelegate.swift in Sources */ = {isa = PBXBuildFile; fileRef = FABAB16E249CC72F00D3E8F2 /* SceneDelegate.swift */; };
		FABAB171249CC72F00D3E8F2 /* ViewController.swift in Sources */ = {isa = PBXBuildFile; fileRef = FABAB170249CC72F00D3E8F2 /* ViewController.swift */; };
		FABAB174249CC72F00D3E8F2 /* Main.storyboard in Resources */ = {isa = PBXBuildFile; fileRef = FABAB172249CC72F00D3E8F2 /* Main.storyboard */; };
		FABAB176249CC73000D3E8F2 /* Assets.xcassets in Resources */ = {isa = PBXBuildFile; fileRef = FABAB175249CC73000D3E8F2 /* Assets.xcassets */; };
		FABAB179249CC73000D3E8F2 /* LaunchScreen.storyboard in Resources */ = {isa = PBXBuildFile; fileRef = FABAB177249CC73000D3E8F2 /* LaunchScreen.storyboard */; };
		FABAB181249CC7AA00D3E8F2 /* PushViewController.swift in Sources */ = {isa = PBXBuildFile; fileRef = FABAB180249CC7AA00D3E8F2 /* PushViewController.swift */; };
/* End PBXBuildFile section */

/* Begin PBXFileReference section */
		FABAB169249CC72F00D3E8F2 /* Ex5_autolayout.app */ = {isa = PBXFileReference; explicitFileType = wrapper.application; includeInIndex = 0; path = Ex5_autolayout.app; sourceTree = BUILT_PRODUCTS_DIR; };
		FABAB16C249CC72F00D3E8F2 /* AppDelegate.swift */ = {isa = PBXFileReference; lastKnownFileType = sourcecode.swift; path = AppDelegate.swift; sourceTree = "<group>"; };
		FABAB16E249CC72F00D3E8F2 /* SceneDelegate.swift */ = {isa = PBXFileReference; lastKnownFileType = sourcecode.swift; path = SceneDelegate.swift; sourceTree = "<group>"; };
		FABAB170249CC72F00D3E8F2 /* ViewController.swift */ = {isa = PBXFileReference; lastKnownFileType = sourcecode.swift; path = ViewController.swift; sourceTree = "<group>"; };
		FABAB173249CC72F00D3E8F2 /* Base */ = {isa = PBXFileReference; lastKnownFileType = file.storyboard; name = Base; path = Base.lproj/Main.storyboard; sourceTree = "<group>"; };
		FABAB175249CC73000D3E8F2 /* Assets.xcassets */ = {isa = PBXFileReference; lastKnownFileType = folder.assetcatalog; path = Assets.xcassets; sourceTree = "<group>"; };
		FABAB178249CC73000D3E8F2 /* Base */ = {isa = PBXFileReference; lastKnownFileType = file.storyboard; name = Base; path = Base.lproj/LaunchScreen.storyboard; sourceTree = "<group>"; };
		FABAB17A249CC73000D3E8F2 /* Info.plist */ = {isa = PBXFileReference; lastKnownFileType = text.plist.xml; path = Info.plist; sourceTree = "<group>"; };
		FABAB180249CC7AA00D3E8F2 /* PushViewController.swift */ = {isa = PBXFileReference; lastKnownFileType = sourcecode.swift; path = PushViewController.swift; sourceTree = "<group>"; };
/* End PBXFileReference section */

/* Begin PBXFrameworksBuildPhase section */
		FABAB166249CC72F00D3E8F2 /* Frameworks */ = {
			isa = PBXFrameworksBuildPhase;
			buildActionMask = 2147483647;
			files = (
			);
			runOnlyForDeploymentPostprocessing = 0;
		};
/* End PBXFrameworksBuildPhase section */

/* Begin PBXGroup section */
		FABAB160249CC72F00D3E8F2 = {
			isa = PBXGroup;
			children = (
				FABAB16B249CC72F00D3E8F2 /* Ex5_autolayout */,
				FABAB16A249CC72F00D3E8F2 /* Products */,
			);
			sourceTree = "<group>";
		};
		FABAB16A249CC72F00D3E8F2 /* Products */ = {
			isa = PBXGroup;
			children = (
				FABAB169249CC72F00D3E8F2 /* Ex5_autolayout.app */,
			);
			name = Products;
			sourceTree = "<group>";
		};
		FABAB16B249CC72F00D3E8F2 /* Ex5_autolayout */ = {
			isa = PBXGroup;
			children = (
				FABAB16C249CC72F00D3E8F2 /* AppDelegate.swift */,
				FABAB16E249CC72F00D3E8F2 /* SceneDelegate.swift */,
				FABAB170249CC72F00D3E8F2 /* ViewController.swift */,
				FABAB172249CC72F00D3E8F2 /* Main.storyboard */,
				FABAB175249CC73000D3E8F2 /* Assets.xcassets */,
				FABAB177249CC73000D3E8F2 /* LaunchScreen.storyboard */,
				FABAB17A249CC73000D3E8F2 /* Info.plist */,
				FABAB180249CC7AA00D3E8F2 /* PushViewController.swift */,
			);
			path = Ex5_autolayout;
			sourceTree = "<group>";
		};
/* End PBXGroup section */

/* Begin PBXNativeTarget section */
		FABAB168249CC72F00D3E8F2 /* Ex5_autolayout */ = {
			isa = PBXNativeTarget;
			buildConfigurationList = FABAB17D249CC73000D3E8F2 /* Build configuration list for PBXNativeTarget "Ex5_autolayout" */;
			buildPhases = (
				FABAB165249CC72F00D3E8F2 /* Sources */,
				FABAB166249CC72F00D3E8F2 /* Frameworks */,
				FABAB167249CC72F00D3E8F2 /* Resources */,
			);
			buildRules = (
			);
			dependencies = (
			);
			name = Ex5_autolayout;
			productName = Ex5_autolayout;
			productReference = FABAB169249CC72F00D3E8F2 /* Ex5_autolayout.app */;
			productType = "com.apple.product-type.application";
		};
/* End PBXNativeTarget section */

/* Begin PBXProject section */
		FABAB161249CC72F00D3E8F2 /* Project object */ = {
			isa = PBXProject;
			attributes = {
				LastSwiftUpdateCheck = 1150;
				LastUpgradeCheck = 1150;
				ORGANIZATIONNAME = hoangnam;
				TargetAttributes = {
					FABAB168249CC72F00D3E8F2 = {
						CreatedOnToolsVersion = 11.5;
					};
				};
			};
			buildConfigurationList = FABAB164249CC72F00D3E8F2 /* Build configuration list for PBXProject "Ex5_autolayout" */;
			compatibilityVersion = "Xcode 9.3";
			developmentRegion = en;
			hasScannedForEncodings = 0;
			knownRegions = (
				en,
				Base,
			);
			mainGroup = FABAB160249CC72F00D3E8F2;
			productRefGroup = FABAB16A249CC72F00D3E8F2 /* Products */;
			projectDirPath = "";
			projectRoot = "";
			targets = (
				FABAB168249CC72F00D3E8F2 /* Ex5_autolayout */,
			);
		};
/* End PBXProject section */

/* Begin PBXResourcesBuildPhase section */
		FABAB167249CC72F00D3E8F2 /* Resources */ = {
			isa = PBXResourcesBuildPhase;
			buildActionMask = 2147483647;
			files = (
				FABAB179249CC73000D3E8F2 /* LaunchScreen.storyboard in Resources */,
				FABAB176249CC73000D3E8F2 /* Assets.xcassets in Resources */,
				FABAB174249CC72F00D3E8F2 /* Main.storyboard in Resources */,
			);
			runOnlyForDeploymentPostprocessing = 0;
		};
/* End PBXResourcesBuildPhase section */

/* Begin PBXSourcesBuildPhase section */
		FABAB165249CC72F00D3E8F2 /* Sources */ = {
			isa = PBXSourcesBuildPhase;
			buildActionMask = 2147483647;
			files = (
				FABAB171249CC72F00D3E8F2 /* ViewController.swift in Sources */,
				FABAB16D249CC72F00D3E8F2 /* AppDelegate.swift in Sources */,
				FABAB181249CC7AA00D3E8F2 /* PushViewController.swift in Sources */,
				FABAB16F249CC72F00D3E8F2 /* SceneDelegate.swift in Sources */,
			);
			runOnlyForDeploymentPostprocessing = 0;
		};
/* End PBXSourcesBuildPhase section */

/* Begin PBXVariantGroup section */
		FABAB172249CC72F00D3E8F2 /* Main.storyboard */ = {
			isa = PBXVariantGroup;
			children = (
				FABAB173249CC72F00D3E8F2 /* Base */,
			);
			name = Main.storyboard;
			sourceTree = "<group>";
		};
		FABAB177249CC73000D3E8F2 /* LaunchScreen.storyboard */ = {
			isa = PBXVariantGroup;
			children = (
				FABAB178249CC73000D3E8F2 /* Base */,
			);
			name = LaunchScreen.storyboard;
			sourceTree = "<group>";
		};
/* End PBXVariantGroup section */

/* Begin XCBuildConfiguration section */
		FABAB17B249CC73000D3E8F2 /* Debug */ = {
			isa = XCBuildConfiguration;
			buildSettings = {
				ALWAYS_SEARCH_USER_PATHS = NO;
				CLANG_ANALYZER_NONNULL = YES;
				CLANG_ANALYZER_NUMBER_OBJECT_CONVERSION = YES_AGGRESSIVE;
				CLANG_CXX_LANGUAGE_STANDARD = "gnu++14";
				CLANG_CXX_LIBRARY = "libc++";
				CLANG_ENABLE_MODULES = YES;
				CLANG_ENABLE_OBJC_ARC = YES;
				CLANG_ENABLE_OBJC_WEAK = YES;
				CLANG_WARN_BLOCK_CAPTURE_AUTORELEASING = YES;
				CLANG_WARN_BOOL_CONVERSION = YES;
				CLANG_WARN_COMMA = YES;
				CLANG_WARN_CONSTANT_CONVERSION = YES;
				CLANG_WARN_DEPRECATED_OBJC_IMPLEMENTATIONS = YES;
				CLANG_WARN_DIRECT_OBJC_ISA_USAGE = YES_ERROR;
				CLANG_WARN_DOCUMENTATION_COMMENTS = YES;
				CLANG_WARN_EMPTY_BODY = YES;
				CLANG_WARN_ENUM_CONVERSION = YES;
				CLANG_WARN_INFINITE_RECURSION = YES;
				CLANG_WARN_INT_CONVERSION = YES;
				CLANG_WARN_NON_LITERAL_NULL_CONVERSION = YES;
				CLANG_WARN_OBJC_IMPLICIT_RETAIN_SELF = YES;
				CLANG_WARN_OBJC_LITERAL_CONVERSION = YES;
				CLANG_WARN_OBJC_ROOT_CLASS = YES_ERROR;
				CLANG_WARN_RANGE_LOOP_ANALYSIS = YES;
				CLANG_WARN_STRICT_PROTOTYPES = YES;
				CLANG_WARN_SUSPICIOUS_MOVE = YES;
				CLANG_WARN_UNGUARDED_AVAILABILITY = YES_AGGRESSIVE;
				CLANG_WARN_UNREACHABLE_CODE = YES;
				CLANG_WARN__DUPLICATE_METHOD_MATCH = YES;
				COPY_PHASE_STRIP = NO;
				DEBUG_INFORMATION_FORMAT = dwarf;
				ENABLE_STRICT_OBJC_MSGSEND = YES;
				ENABLE_TESTABILITY = YES;
				GCC_C_LANGUAGE_STANDARD = gnu11;
				GCC_DYNAMIC_NO_PIC = NO;
				GCC_NO_COMMON_BLOCKS = YES;
				GCC_OPTIMIZATION_LEVEL = 0;
				GCC_PREPROCESSOR_DEFINITIONS = (
					"DEBUG=1",
					"$(inherited)",
				);
				GCC_WARN_64_TO_32_BIT_CONVERSION = YES;
				GCC_WARN_ABOUT_RETURN_TYPE = YES_ERROR;
				GCC_WARN_UNDECLARED_SELECTOR = YES;
				GCC_WARN_UNINITIALIZED_AUTOS = YES_AGGRESSIVE;
				GCC_WARN_UNUSED_FUNCTION = YES;
				GCC_WARN_UNUSED_VARIABLE = YES;
				IPHONEOS_DEPLOYMENT_TARGET = 13.5;
				MTL_ENABLE_DEBUG_INFO = INCLUDE_SOURCE;
				MTL_FAST_MATH = YES;
				ONLY_ACTIVE_ARCH = YES;
				SDKROOT = iphoneos;
				SWIFT_ACTIVE_COMPILATION_CONDITIONS = DEBUG;
				SWIFT_OPTIMIZATION_LEVEL = "-Onone";
			};
			name = Debug;
		};
		FABAB17C249CC73000D3E8F2 /* Release */ = {
			isa = XCBuildConfiguration;
			buildSettings = {
				ALWAYS_SEARCH_USER_PATHS = NO;
				CLANG_ANALYZER_NONNULL = YES;
				CLANG_ANALYZER_NUMBER_OBJECT_CONVERSION = YES_AGGRESSIVE;
				CLANG_CXX_LANGUAGE_STANDARD = "gnu++14";
				CLANG_CXX_LIBRARY = "libc++";
				CLANG_ENABLE_MODULES = YES;
				CLANG_ENABLE_OBJC_ARC = YES;
				CLANG_ENABLE_OBJC_WEAK = YES;
				CLANG_WARN_BLOCK_CAPTURE_AUTORELEASING = YES;
				CLANG_WARN_BOOL_CONVERSION = YES;
				CLANG_WARN_COMMA = YES;
				CLANG_WARN_CONSTANT_CONVERSION = YES;
				CLANG_WARN_DEPRECATED_OBJC_IMPLEMENTATIONS = YES;
				CLANG_WARN_DIRECT_OBJC_ISA_USAGE = YES_ERROR;
				CLANG_WARN_DOCUMENTATION_COMMENTS = YES;
				CLANG_WARN_EMPTY_BODY = YES;
				CLANG_WARN_ENUM_CONVERSION = YES;
				CLANG_WARN_INFINITE_RECURSION = YES;
				CLANG_WARN_INT_CONVERSION = YES;
				CLANG_WARN_NON_LITERAL_NULL_CONVERSION = YES;
				CLANG_WARN_OBJC_IMPLICIT_RETAIN_SELF = YES;
				CLANG_WARN_OBJC_LITERAL_CONVERSION = YES;
				CLANG_WARN_OBJC_ROOT_CLASS = YES_ERROR;
				CLANG_WARN_RANGE_LOOP_ANALYSIS = YES;
				CLANG_WARN_STRICT_PROTOTYPES = YES;
				CLANG_WARN_SUSPICIOUS_MOVE = YES;
				CLANG_WARN_UNGUARDED_AVAILABILITY = YES_AGGRESSIVE;
				CLANG_WARN_UNREACHABLE_CODE = YES;
				CLANG_WARN__DUPLICATE_METHOD_MATCH = YES;
				COPY_PHASE_STRIP = NO;
				DEBUG_INFORMATION_FORMAT = "dwarf-with-dsym";
				ENABLE_NS_ASSERTIONS = NO;
				ENABLE_STRICT_OBJC_MSGSEND = YES;
				GCC_C_LANGUAGE_STANDARD = gnu11;
				GCC_NO_COMMON_BLOCKS = YES;
				GCC_WARN_64_TO_32_BIT_CONVERSION = YES;
				GCC_WARN_ABOUT_RETURN_TYPE = YES_ERROR;
				GCC_WARN_UNDECLARED_SELECTOR = YES;
				GCC_WARN_UNINITIALIZED_AUTOS = YES_AGGRESSIVE;
				GCC_WARN_UNUSED_FUNCTION = YES;
				GCC_WARN_UNUSED_VARIABLE = YES;
				IPHONEOS_DEPLOYMENT_TARGET = 13.5;
				MTL_ENABLE_DEBUG_INFO = NO;
				MTL_FAST_MATH = YES;
				SDKROOT = iphoneos;
				SWIFT_COMPILATION_MODE = wholemodule;
				SWIFT_OPTIMIZATION_LEVEL = "-O";
				VALIDATE_PRODUCT = YES;
			};
			name = Release;
		};
		FABAB17E249CC73000D3E8F2 /* Debug */ = {
			isa = XCBuildConfiguration;
			buildSettings = {
				ASSETCATALOG_COMPILER_APPICON_NAME = AppIcon;
				CODE_SIGN_STYLE = Automatic;
				INFOPLIST_FILE = Ex5_autolayout/Info.plist;
				LD_RUNPATH_SEARCH_PATHS = (
					"$(inherited)",
					"@executable_path/Frameworks",
				);
				PRODUCT_BUNDLE_IDENTIFIER = "hoangnam.Ex5-autolayout";
				PRODUCT_NAME = "$(TARGET_NAME)";
				SWIFT_VERSION = 5.0;
				TARGETED_DEVICE_FAMILY = "1,2";
			};
			name = Debug;
		};
		FABAB17F249CC73000D3E8F2 /* Release */ = {
			isa = XCBuildConfiguration;
			buildSettings = {
				ASSETCATALOG_COMPILER_APPICON_NAME = AppIcon;
				CODE_SIGN_STYLE = Automatic;
				INFOPLIST_FILE = Ex5_autolayout/Info.plist;
				LD_RUNPATH_SEARCH_PATHS = (
					"$(inherited)",
					"@executable_path/Frameworks",
				);
				PRODUCT_BUNDLE_IDENTIFIER = "hoangnam.Ex5-autolayout";
				PRODUCT_NAME = "$(TARGET_NAME)";
				SWIFT_VERSION = 5.0;
				TARGETED_DEVICE_FAMILY = "1,2";
			};
			name = Release;
		};
/* End XCBuildConfiguration section */

/* Begin XCConfigurationList section */
		FABAB164249CC72F00D3E8F2 /* Build configuration list for PBXProject "Ex5_autolayout" */ = {
			isa = XCConfigurationList;
			buildConfigurations = (
				FABAB17B249CC73000D3E8F2 /* Debug */,
				FABAB17C249CC73000D3E8F2 /* Release */,
			);
			defaultConfigurationIsVisible = 0;
			defaultConfigurationName = Release;
		};
		FABAB17D249CC73000D3E8F2 /* Build configuration list for PBXNativeTarget "Ex5_autolayout" */ = {
			isa = XCConfigurationList;
			buildConfigurations = (
				FABAB17E249CC73000D3E8F2 /* Debug */,
				FABAB17F249CC73000D3E8F2 /* Release */,
			);
			defaultConfigurationIsVisible = 0;
			defaultConfigurationName = Release;
		};
/* End XCConfigurationList section */
	};
	rootObject = FABAB161249CC72F00D3E8F2 /* Project object */;
}
