// !$*UTF8*$!
{
	archiveVersion = 1;
	classes = {
	};
	objectVersion = 50;
	objects = {

/* Begin PBXBuildFile section */
		FA642D4E2499BB1F0057C30C /* AppDelegate.swift in Sources */ = {isa = PBXBuildFile; fileRef = FA642D4D2499BB1F0057C30C /* AppDelegate.swift */; };
		FA642D502499BB1F0057C30C /* SceneDelegate.swift in Sources */ = {isa = PBXBuildFile; fileRef = FA642D4F2499BB1F0057C30C /* SceneDelegate.swift */; };
		FA642D522499BB1F0057C30C /* ViewController.swift in Sources */ = {isa = PBXBuildFile; fileRef = FA642D512499BB1F0057C30C /* ViewController.swift */; };
		FA642D552499BB1F0057C30C /* Main.storyboard in Resources */ = {isa = PBXBuildFile; fileRef = FA642D532499BB1F0057C30C /* Main.storyboard */; };
		FA642D572499BB200057C30C /* Assets.xcassets in Resources */ = {isa = PBXBuildFile; fileRef = FA642D562499BB200057C30C /* Assets.xcassets */; };
		FA642D5A2499BB200057C30C /* LaunchScreen.storyboard in Resources */ = {isa = PBXBuildFile; fileRef = FA642D582499BB200057C30C /* LaunchScreen.storyboard */; };
		FA8EB27C249A4FD700AE0284 /* SignInViewController.swift in Sources */ = {isa = PBXBuildFile; fileRef = FA8EB27B249A4FD700AE0284 /* SignInViewController.swift */; };
/* End PBXBuildFile section */

/* Begin PBXFileReference section */
		FA642D4A2499BB1F0057C30C /* Ex4_Autolayout.app */ = {isa = PBXFileReference; explicitFileType = wrapper.application; includeInIndex = 0; path = Ex4_Autolayout.app; sourceTree = BUILT_PRODUCTS_DIR; };
		FA642D4D2499BB1F0057C30C /* AppDelegate.swift */ = {isa = PBXFileReference; lastKnownFileType = sourcecode.swift; path = AppDelegate.swift; sourceTree = "<group>"; };
		FA642D4F2499BB1F0057C30C /* SceneDelegate.swift */ = {isa = PBXFileReference; lastKnownFileType = sourcecode.swift; path = SceneDelegate.swift; sourceTree = "<group>"; };
		FA642D512499BB1F0057C30C /* ViewController.swift */ = {isa = PBXFileReference; lastKnownFileType = sourcecode.swift; path = ViewController.swift; sourceTree = "<group>"; };
		FA642D542499BB1F0057C30C /* Base */ = {isa = PBXFileReference; lastKnownFileType = file.storyboard; name = Base; path = Base.lproj/Main.storyboard; sourceTree = "<group>"; };
		FA642D562499BB200057C30C /* Assets.xcassets */ = {isa = PBXFileReference; lastKnownFileType = folder.assetcatalog; path = Assets.xcassets; sourceTree = "<group>"; };
		FA642D592499BB200057C30C /* Base */ = {isa = PBXFileReference; lastKnownFileType = file.storyboard; name = Base; path = Base.lproj/LaunchScreen.storyboard; sourceTree = "<group>"; };
		FA642D5B2499BB200057C30C /* Info.plist */ = {isa = PBXFileReference; lastKnownFileType = text.plist.xml; path = Info.plist; sourceTree = "<group>"; };
		FA8EB27B249A4FD700AE0284 /* SignInViewController.swift */ = {isa = PBXFileReference; lastKnownFileType = sourcecode.swift; path = SignInViewController.swift; sourceTree = "<group>"; };
/* End PBXFileReference section */

/* Begin PBXFrameworksBuildPhase section */
		FA642D472499BB1F0057C30C /* Frameworks */ = {
			isa = PBXFrameworksBuildPhase;
			buildActionMask = 2147483647;
			files = (
			);
			runOnlyForDeploymentPostprocessing = 0;
		};
/* End PBXFrameworksBuildPhase section */

/* Begin PBXGroup section */
		FA642D412499BB1F0057C30C = {
			isa = PBXGroup;
			children = (
				FA642D4C2499BB1F0057C30C /* Ex4_Autolayout */,
				FA642D4B2499BB1F0057C30C /* Products */,
			);
			sourceTree = "<group>";
		};
		FA642D4B2499BB1F0057C30C /* Products */ = {
			isa = PBXGroup;
			children = (
				FA642D4A2499BB1F0057C30C /* Ex4_Autolayout.app */,
			);
			name = Products;
			sourceTree = "<group>";
		};
		FA642D4C2499BB1F0057C30C /* Ex4_Autolayout */ = {
			isa = PBXGroup;
			children = (
				FA642D4D2499BB1F0057C30C /* AppDelegate.swift */,
				FA642D4F2499BB1F0057C30C /* SceneDelegate.swift */,
				FA642D512499BB1F0057C30C /* ViewController.swift */,
				FA642D532499BB1F0057C30C /* Main.storyboard */,
				FA642D562499BB200057C30C /* Assets.xcassets */,
				FA642D582499BB200057C30C /* LaunchScreen.storyboard */,
				FA8EB27B249A4FD700AE0284 /* SignInViewController.swift */,
				FA642D5B2499BB200057C30C /* Info.plist */,
			);
			path = Ex4_Autolayout;
			sourceTree = "<group>";
		};
/* End PBXGroup section */

/* Begin PBXNativeTarget section */
		FA642D492499BB1F0057C30C /* Ex4_Autolayout */ = {
			isa = PBXNativeTarget;
			buildConfigurationList = FA642D5E2499BB200057C30C /* Build configuration list for PBXNativeTarget "Ex4_Autolayout" */;
			buildPhases = (
				FA642D462499BB1F0057C30C /* Sources */,
				FA642D472499BB1F0057C30C /* Frameworks */,
				FA642D482499BB1F0057C30C /* Resources */,
			);
			buildRules = (
			);
			dependencies = (
			);
			name = Ex4_Autolayout;
			productName = Ex4_Autolayout;
			productReference = FA642D4A2499BB1F0057C30C /* Ex4_Autolayout.app */;
			productType = "com.apple.product-type.application";
		};
/* End PBXNativeTarget section */

/* Begin PBXProject section */
		FA642D422499BB1F0057C30C /* Project object */ = {
			isa = PBXProject;
			attributes = {
				LastSwiftUpdateCheck = 1150;
				LastUpgradeCheck = 1150;
				ORGANIZATIONNAME = hoangnam;
				TargetAttributes = {
					FA642D492499BB1F0057C30C = {
						CreatedOnToolsVersion = 11.5;
					};
				};
			};
			buildConfigurationList = FA642D452499BB1F0057C30C /* Build configuration list for PBXProject "Ex4_Autolayout" */;
			compatibilityVersion = "Xcode 9.3";
			developmentRegion = en;
			hasScannedForEncodings = 0;
			knownRegions = (
				en,
				Base,
			);
			mainGroup = FA642D412499BB1F0057C30C;
			productRefGroup = FA642D4B2499BB1F0057C30C /* Products */;
			projectDirPath = "";
			projectRoot = "";
			targets = (
				FA642D492499BB1F0057C30C /* Ex4_Autolayout */,
			);
		};
/* End PBXProject section */

/* Begin PBXResourcesBuildPhase section */
		FA642D482499BB1F0057C30C /* Resources */ = {
			isa = PBXResourcesBuildPhase;
			buildActionMask = 2147483647;
			files = (
				FA642D5A2499BB200057C30C /* LaunchScreen.storyboard in Resources */,
				FA642D572499BB200057C30C /* Assets.xcassets in Resources */,
				FA642D552499BB1F0057C30C /* Main.storyboard in Resources */,
			);
			runOnlyForDeploymentPostprocessing = 0;
		};
/* End PBXResourcesBuildPhase section */

/* Begin PBXSourcesBuildPhase section */
		FA642D462499BB1F0057C30C /* Sources */ = {
			isa = PBXSourcesBuildPhase;
			buildActionMask = 2147483647;
			files = (
				FA8EB27C249A4FD700AE0284 /* SignInViewController.swift in Sources */,
				FA642D522499BB1F0057C30C /* ViewController.swift in Sources */,
				FA642D4E2499BB1F0057C30C /* AppDelegate.swift in Sources */,
				FA642D502499BB1F0057C30C /* SceneDelegate.swift in Sources */,
			);
			runOnlyForDeploymentPostprocessing = 0;
		};
/* End PBXSourcesBuildPhase section */

/* Begin PBXVariantGroup section */
		FA642D532499BB1F0057C30C /* Main.storyboard */ = {
			isa = PBXVariantGroup;
			children = (
				FA642D542499BB1F0057C30C /* Base */,
			);
			name = Main.storyboard;
			sourceTree = "<group>";
		};
		FA642D582499BB200057C30C /* LaunchScreen.storyboard */ = {
			isa = PBXVariantGroup;
			children = (
				FA642D592499BB200057C30C /* Base */,
			);
			name = LaunchScreen.storyboard;
			sourceTree = "<group>";
		};
/* End PBXVariantGroup section */

/* Begin XCBuildConfiguration section */
		FA642D5C2499BB200057C30C /* Debug */ = {
			isa = XCBuildConfiguration;
			buildSettings = {
				ALWAYS_SEARCH_USER_PATHS = NO;
				CLANG_ANALYZER_NONNULL = YES;
				CLANG_ANALYZER_NUMBER_OBJECT_CONVERSION = YES_AGGRESSIVE;
				CLANG_CXX_LANGUAGE_STANDARD = "gnu++14";
				CLANG_CXX_LIBRARY = "libc++";
				CLANG_ENABLE_MODULES = YES;
				CLANG_ENABLE_OBJC_ARC = YES;
				CLANG_ENABLE_OBJC_WEAK = YES;
				CLANG_WARN_BLOCK_CAPTURE_AUTORELEASING = YES;
				CLANG_WARN_BOOL_CONVERSION = YES;
				CLANG_WARN_COMMA = YES;
				CLANG_WARN_CONSTANT_CONVERSION = YES;
				CLANG_WARN_DEPRECATED_OBJC_IMPLEMENTATIONS = YES;
				CLANG_WARN_DIRECT_OBJC_ISA_USAGE = YES_ERROR;
				CLANG_WARN_DOCUMENTATION_COMMENTS = YES;
				CLANG_WARN_EMPTY_BODY = YES;
				CLANG_WARN_ENUM_CONVERSION = YES;
				CLANG_WARN_INFINITE_RECURSION = YES;
				CLANG_WARN_INT_CONVERSION = YES;
				CLANG_WARN_NON_LITERAL_NULL_CONVERSION = YES;
				CLANG_WARN_OBJC_IMPLICIT_RETAIN_SELF = YES;
				CLANG_WARN_OBJC_LITERAL_CONVERSION = YES;
				CLANG_WARN_OBJC_ROOT_CLASS = YES_ERROR;
				CLANG_WARN_RANGE_LOOP_ANALYSIS = YES;
				CLANG_WARN_STRICT_PROTOTYPES = YES;
				CLANG_WARN_SUSPICIOUS_MOVE = YES;
				CLANG_WARN_UNGUARDED_AVAILABILITY = YES_AGGRESSIVE;
				CLANG_WARN_UNREACHABLE_CODE = YES;
				CLANG_WARN__DUPLICATE_METHOD_MATCH = YES;
				COPY_PHASE_STRIP = NO;
				DEBUG_INFORMATION_FORMAT = dwarf;
				ENABLE_STRICT_OBJC_MSGSEND = YES;
				ENABLE_TESTABILITY = YES;
				GCC_C_LANGUAGE_STANDARD = gnu11;
				GCC_DYNAMIC_NO_PIC = NO;
				GCC_NO_COMMON_BLOCKS = YES;
				GCC_OPTIMIZATION_LEVEL = 0;
				GCC_PREPROCESSOR_DEFINITIONS = (
					"DEBUG=1",
					"$(inherited)",
				);
				GCC_WARN_64_TO_32_BIT_CONVERSION = YES;
				GCC_WARN_ABOUT_RETURN_TYPE = YES_ERROR;
				GCC_WARN_UNDECLARED_SELECTOR = YES;
				GCC_WARN_UNINITIALIZED_AUTOS = YES_AGGRESSIVE;
				GCC_WARN_UNUSED_FUNCTION = YES;
				GCC_WARN_UNUSED_VARIABLE = YES;
				IPHONEOS_DEPLOYMENT_TARGET = 13.5;
				MTL_ENABLE_DEBUG_INFO = INCLUDE_SOURCE;
				MTL_FAST_MATH = YES;
				ONLY_ACTIVE_ARCH = YES;
				SDKROOT = iphoneos;
				SWIFT_ACTIVE_COMPILATION_CONDITIONS = DEBUG;
				SWIFT_OPTIMIZATION_LEVEL = "-Onone";
			};
			name = Debug;
		};
		FA642D5D2499BB200057C30C /* Release */ = {
			isa = XCBuildConfiguration;
			buildSettings = {
				ALWAYS_SEARCH_USER_PATHS = NO;
				CLANG_ANALYZER_NONNULL = YES;
				CLANG_ANALYZER_NUMBER_OBJECT_CONVERSION = YES_AGGRESSIVE;
				CLANG_CXX_LANGUAGE_STANDARD = "gnu++14";
				CLANG_CXX_LIBRARY = "libc++";
				CLANG_ENABLE_MODULES = YES;
				CLANG_ENABLE_OBJC_ARC = YES;
				CLANG_ENABLE_OBJC_WEAK = YES;
				CLANG_WARN_BLOCK_CAPTURE_AUTORELEASING = YES;
				CLANG_WARN_BOOL_CONVERSION = YES;
				CLANG_WARN_COMMA = YES;
				CLANG_WARN_CONSTANT_CONVERSION = YES;
				CLANG_WARN_DEPRECATED_OBJC_IMPLEMENTATIONS = YES;
				CLANG_WARN_DIRECT_OBJC_ISA_USAGE = YES_ERROR;
				CLANG_WARN_DOCUMENTATION_COMMENTS = YES;
				CLANG_WARN_EMPTY_BODY = YES;
				CLANG_WARN_ENUM_CONVERSION = YES;
				CLANG_WARN_INFINITE_RECURSION = YES;
				CLANG_WARN_INT_CONVERSION = YES;
				CLANG_WARN_NON_LITERAL_NULL_CONVERSION = YES;
				CLANG_WARN_OBJC_IMPLICIT_RETAIN_SELF = YES;
				CLANG_WARN_OBJC_LITERAL_CONVERSION = YES;
				CLANG_WARN_OBJC_ROOT_CLASS = YES_ERROR;
				CLANG_WARN_RANGE_LOOP_ANALYSIS = YES;
				CLANG_WARN_STRICT_PROTOTYPES = YES;
				CLANG_WARN_SUSPICIOUS_MOVE = YES;
				CLANG_WARN_UNGUARDED_AVAILABILITY = YES_AGGRESSIVE;
				CLANG_WARN_UNREACHABLE_CODE = YES;
				CLANG_WARN__DUPLICATE_METHOD_MATCH = YES;
				COPY_PHASE_STRIP = NO;
				DEBUG_INFORMATION_FORMAT = "dwarf-with-dsym";
				ENABLE_NS_ASSERTIONS = NO;
				ENABLE_STRICT_OBJC_MSGSEND = YES;
				GCC_C_LANGUAGE_STANDARD = gnu11;
				GCC_NO_COMMON_BLOCKS = YES;
				GCC_WARN_64_TO_32_BIT_CONVERSION = YES;
				GCC_WARN_ABOUT_RETURN_TYPE = YES_ERROR;
				GCC_WARN_UNDECLARED_SELECTOR = YES;
				GCC_WARN_UNINITIALIZED_AUTOS = YES_AGGRESSIVE;
				GCC_WARN_UNUSED_FUNCTION = YES;
				GCC_WARN_UNUSED_VARIABLE = YES;
				IPHONEOS_DEPLOYMENT_TARGET = 13.5;
				MTL_ENABLE_DEBUG_INFO = NO;
				MTL_FAST_MATH = YES;
				SDKROOT = iphoneos;
				SWIFT_COMPILATION_MODE = wholemodule;
				SWIFT_OPTIMIZATION_LEVEL = "-O";
				VALIDATE_PRODUCT = YES;
			};
			name = Release;
		};
		FA642D5F2499BB200057C30C /* Debug */ = {
			isa = XCBuildConfiguration;
			buildSettings = {
				ASSETCATALOG_COMPILER_APPICON_NAME = AppIcon;
				CODE_SIGN_STYLE = Automatic;
				INFOPLIST_FILE = Ex4_Autolayout/Info.plist;
				LD_RUNPATH_SEARCH_PATHS = (
					"$(inherited)",
					"@executable_path/Frameworks",
				);
				PRODUCT_BUNDLE_IDENTIFIER = "hoangnam.Ex4-Autolayout";
				PRODUCT_NAME = "$(TARGET_NAME)";
				SWIFT_VERSION = 5.0;
				TARGETED_DEVICE_FAMILY = "1,2";
			};
			name = Debug;
		};
		FA642D602499BB200057C30C /* Release */ = {
			isa = XCBuildConfiguration;
			buildSettings = {
				ASSETCATALOG_COMPILER_APPICON_NAME = AppIcon;
				CODE_SIGN_STYLE = Automatic;
				INFOPLIST_FILE = Ex4_Autolayout/Info.plist;
				LD_RUNPATH_SEARCH_PATHS = (
					"$(inherited)",
					"@executable_path/Frameworks",
				);
				PRODUCT_BUNDLE_IDENTIFIER = "hoangnam.Ex4-Autolayout";
				PRODUCT_NAME = "$(TARGET_NAME)";
				SWIFT_VERSION = 5.0;
				TARGETED_DEVICE_FAMILY = "1,2";
			};
			name = Release;
		};
/* End XCBuildConfiguration section */

/* Begin XCConfigurationList section */
		FA642D452499BB1F0057C30C /* Build configuration list for PBXProject "Ex4_Autolayout" */ = {
			isa = XCConfigurationList;
			buildConfigurations = (
				FA642D5C2499BB200057C30C /* Debug */,
				FA642D5D2499BB200057C30C /* Release */,
			);
			defaultConfigurationIsVisible = 0;
			defaultConfigurationName = Release;
		};
		FA642D5E2499BB200057C30C /* Build configuration list for PBXNativeTarget "Ex4_Autolayout" */ = {
			isa = XCConfigurationList;
			buildConfigurations = (
				FA642D5F2499BB200057C30C /* Debug */,
				FA642D602499BB200057C30C /* Release */,
			);
			defaultConfigurationIsVisible = 0;
			defaultConfigurationName = Release;
		};
/* End XCConfigurationList section */
	};
	rootObject = FA642D422499BB1F0057C30C /* Project object */;
}
